
Microsoft Visual Studio Solution File, Format Version 12.00
# Visual Studio Version 17
VisualStudioVersion = 17.0.32014.148
MinimumVisualStudioVersion = 10.0.40219.1
Project("{FAE04EC0-301F-11D3-BF4B-00C04F79EFBC}") = "_ATB", "ATB\_ATB.csproj", "{A31D7146-DA32-4BBD-BB90-3ED74DAAEFC9}"
EndProject
Project("{FAE04EC0-301F-11D3-BF4B-00C04F79EFBC}") = "Test", "Test\Test.csproj", "{57CF64AE-E2F6-419B-A47D-CF5A6FCE3E23}"
EndProject
Project("{FAE04EC0-301F-11D3-BF4B-00C04F79EFBC}") = "_WebFramework", "WebFramework\_WebFramework.csproj", "{ABBD1DD0-4460-4B90-BFC5-825B8F9718C4}"
EndProject
Global
	GlobalSection(SolutionConfigurationPlatforms) = preSolution
		Debug|Any CPU = Debug|Any CPU
		Release|Any CPU = Release|Any CPU
	EndGlobalSection
	GlobalSection(ProjectConfigurationPlatforms) = postSolution
		{A31D7146-DA32-4BBD-BB90-3ED74DAAEFC9}.Debug|Any CPU.ActiveCfg = Debug|Any CPU
		{A31D7146-DA32-4BBD-BB90-3ED74DAAEFC9}.Debug|Any CPU.Build.0 = Debug|Any CPU
		{A31D7146-DA32-4BBD-BB90-3ED74DAAEFC9}.Release|Any CPU.ActiveCfg = Release|Any CPU
		{A31D7146-DA32-4BBD-BB90-3ED74DAAEFC9}.Release|Any CPU.Build.0 = Release|Any CPU
		{57CF64AE-E2F6-419B-A47D-CF5A6FCE3E23}.Debug|Any CPU.ActiveCfg = Debug|Any CPU
		{57CF64AE-E2F6-419B-A47D-CF5A6FCE3E23}.Debug|Any CPU.Build.0 = Debug|Any CPU
		{57CF64AE-E2F6-419B-A47D-CF5A6FCE3E23}.Release|Any CPU.ActiveCfg = Release|Any CPU
		{57CF64AE-E2F6-419B-A47D-CF5A6FCE3E23}.Release|Any CPU.Build.0 = Release|Any CPU
		{ABBD1DD0-4460-4B90-BFC5-825B8F9718C4}.Debug|Any CPU.ActiveCfg = Debug|Any CPU
		{ABBD1DD0-4460-4B90-BFC5-825B8F9718C4}.Debug|Any CPU.Build.0 = Debug|Any CPU
		{ABBD1DD0-4460-4B90-BFC5-825B8F9718C4}.Release|Any CPU.ActiveCfg = Release|Any CPU
		{ABBD1DD0-4460-4B90-BFC5-825B8F9718C4}.Release|Any CPU.Build.0 = Release|Any CPU
	EndGlobalSection
	GlobalSection(SolutionProperties) = preSolution
		HideSolutionNode = FALSE
	EndGlobalSection
	GlobalSection(ExtensibilityGlobals) = postSolution
		SolutionGuid = {1277C13F-F6E2-4AF7-A67A-B3E35CBFAD74}
	EndGlobalSection
EndGlobal
